
Microsoft Visual Studio Solution File, Format Version 12.00
# Visual Studio 15
VisualStudioVersion = 15.0.27130.2027
MinimumVisualStudioVersion = 10.0.40219.1
Project("{FAE04EC0-301F-11D3-BF4B-00C04F79EFBC}") = "MP3_player", "MP3_player\MP3_player.csproj", "{1209A34C-5913-4E69-ADB1-B6DEECBA049F}"
EndProject
Global
	GlobalSection(SolutionConfigurationPlatforms) = preSolution
		Debug|Any CPU = Debug|Any CPU
		Release|Any CPU = Release|Any CPU
	EndGlobalSection
	GlobalSection(ProjectConfigurationPlatforms) = postSolution
		{1209A34C-5913-4E69-ADB1-B6DEECBA049F}.Debug|Any CPU.ActiveCfg = Debug|Any CPU
		{1209A34C-5913-4E69-ADB1-B6DEECBA049F}.Debug|Any CPU.Build.0 = Debug|Any CPU
		{1209A34C-5913-4E69-ADB1-B6DEECBA049F}.Release|Any CPU.ActiveCfg = Release|Any CPU
		{1209A34C-5913-4E69-ADB1-B6DEECBA049F}.Release|Any CPU.Build.0 = Release|Any CPU
	EndGlobalSection
	GlobalSection(SolutionProperties) = preSolution
		HideSolutionNode = FALSE
	EndGlobalSection
	GlobalSection(ExtensibilityGlobals) = postSolution
		SolutionGuid = {A9F5F8AC-F173-4E81-91D2-B6C53352B392}
	EndGlobalSection
EndGlobal
